
Microsoft Visual Studio Solution File, Format Version 12.00
# Visual Studio 15
Project("{FAE04EC0-301F-11D3-BF4B-00C04F79EFBC}") = "TextCheck.Android", "TextCheck.Android\TextCheck.Android.csproj", "{08E696BF-E8EF-4B76-8063-091E7FB00A9B}"
EndProject
Project("{FAE04EC0-301F-11D3-BF4B-00C04F79EFBC}") = "TextCheck.iOS", "TextCheck.iOS\TextCheck.iOS.csproj", "{292C0243-202A-4C18-A58A-663D25284EDB}"
EndProject
Project("{FAE04EC0-301F-11D3-BF4B-00C04F79EFBC}") = "TextCheck", "TextCheck\TextCheck.csproj", "{65FC1257-A3A7-4CD7-A834-34CE6AC3488C}"
EndProject
Global
	GlobalSection(SolutionConfigurationPlatforms) = preSolution
		Debug|Any CPU = Debug|Any CPU
		Release|Any CPU = Release|Any CPU
		Debug|iPhoneSimulator = Debug|iPhoneSimulator
		Release|iPhoneSimulator = Release|iPhoneSimulator
		Debug|iPhone = Debug|iPhone
		Release|iPhone = Release|iPhone
	EndGlobalSection
	GlobalSection(ProjectConfigurationPlatforms) = postSolution
		{08E696BF-E8EF-4B76-8063-091E7FB00A9B}.Debug|Any CPU.ActiveCfg = Debug|Any CPU
		{08E696BF-E8EF-4B76-8063-091E7FB00A9B}.Debug|Any CPU.Build.0 = Debug|Any CPU
		{08E696BF-E8EF-4B76-8063-091E7FB00A9B}.Release|Any CPU.ActiveCfg = Release|Any CPU
		{08E696BF-E8EF-4B76-8063-091E7FB00A9B}.Release|Any CPU.Build.0 = Release|Any CPU
		{08E696BF-E8EF-4B76-8063-091E7FB00A9B}.Debug|iPhoneSimulator.ActiveCfg = Debug|Any CPU
		{08E696BF-E8EF-4B76-8063-091E7FB00A9B}.Debug|iPhoneSimulator.Build.0 = Debug|Any CPU
		{08E696BF-E8EF-4B76-8063-091E7FB00A9B}.Release|iPhoneSimulator.ActiveCfg = Release|Any CPU
		{08E696BF-E8EF-4B76-8063-091E7FB00A9B}.Release|iPhoneSimulator.Build.0 = Release|Any CPU
		{08E696BF-E8EF-4B76-8063-091E7FB00A9B}.Debug|iPhone.ActiveCfg = Debug|Any CPU
		{08E696BF-E8EF-4B76-8063-091E7FB00A9B}.Debug|iPhone.Build.0 = Debug|Any CPU
		{08E696BF-E8EF-4B76-8063-091E7FB00A9B}.Release|iPhone.ActiveCfg = Release|Any CPU
		{08E696BF-E8EF-4B76-8063-091E7FB00A9B}.Release|iPhone.Build.0 = Release|Any CPU
		{292C0243-202A-4C18-A58A-663D25284EDB}.Debug|Any CPU.ActiveCfg = Debug|iPhoneSimulator
		{292C0243-202A-4C18-A58A-663D25284EDB}.Debug|Any CPU.Build.0 = Debug|iPhoneSimulator
		{292C0243-202A-4C18-A58A-663D25284EDB}.Release|Any CPU.ActiveCfg = Release|iPhoneSimulator
		{292C0243-202A-4C18-A58A-663D25284EDB}.Release|Any CPU.Build.0 = Release|iPhoneSimulator
		{292C0243-202A-4C18-A58A-663D25284EDB}.Debug|iPhoneSimulator.ActiveCfg = Debug|iPhoneSimulator
		{292C0243-202A-4C18-A58A-663D25284EDB}.Debug|iPhoneSimulator.Build.0 = Debug|iPhoneSimulator
		{292C0243-202A-4C18-A58A-663D25284EDB}.Release|iPhoneSimulator.ActiveCfg = Release|iPhoneSimulator
		{292C0243-202A-4C18-A58A-663D25284EDB}.Release|iPhoneSimulator.Build.0 = Release|iPhoneSimulator
		{292C0243-202A-4C18-A58A-663D25284EDB}.Debug|iPhone.ActiveCfg = Debug|iPhone
		{292C0243-202A-4C18-A58A-663D25284EDB}.Debug|iPhone.Build.0 = Debug|iPhone
		{292C0243-202A-4C18-A58A-663D25284EDB}.Release|iPhone.ActiveCfg = Release|iPhone
		{292C0243-202A-4C18-A58A-663D25284EDB}.Release|iPhone.Build.0 = Release|iPhone
		{65FC1257-A3A7-4CD7-A834-34CE6AC3488C}.Debug|Any CPU.ActiveCfg = Debug|Any CPU
		{65FC1257-A3A7-4CD7-A834-34CE6AC3488C}.Debug|Any CPU.Build.0 = Debug|Any CPU
		{65FC1257-A3A7-4CD7-A834-34CE6AC3488C}.Release|Any CPU.ActiveCfg = Release|Any CPU
		{65FC1257-A3A7-4CD7-A834-34CE6AC3488C}.Release|Any CPU.Build.0 = Release|Any CPU
		{65FC1257-A3A7-4CD7-A834-34CE6AC3488C}.Debug|iPhoneSimulator.ActiveCfg = Debug|Any CPU
		{65FC1257-A3A7-4CD7-A834-34CE6AC3488C}.Debug|iPhoneSimulator.Build.0 = Debug|Any CPU
		{65FC1257-A3A7-4CD7-A834-34CE6AC3488C}.Release|iPhoneSimulator.ActiveCfg = Release|Any CPU
		{65FC1257-A3A7-4CD7-A834-34CE6AC3488C}.Release|iPhoneSimulator.Build.0 = Release|Any CPU
		{65FC1257-A3A7-4CD7-A834-34CE6AC3488C}.Debug|iPhone.ActiveCfg = Debug|Any CPU
		{65FC1257-A3A7-4CD7-A834-34CE6AC3488C}.Debug|iPhone.Build.0 = Debug|Any CPU
		{65FC1257-A3A7-4CD7-A834-34CE6AC3488C}.Release|iPhone.ActiveCfg = Release|Any CPU
		{65FC1257-A3A7-4CD7-A834-34CE6AC3488C}.Release|iPhone.Build.0 = Release|Any CPU
	EndGlobalSection
EndGlobal
